
Microsoft Visual Studio Solution File, Format Version 12.00
# Visual Studio 15
VisualStudioVersion = 15.0.26430.13
MinimumVisualStudioVersion = 10.0.40219.1
Project("{2150E333-8FDC-42A3-9474-1A3956D46DE8}") = "1. Infrastructure", "1. Infrastructure", "{68994F01-8220-4B7C-9AB8-14E137C44AE5}"
EndProject
Project("{2150E333-8FDC-42A3-9474-1A3956D46DE8}") = "2. Tests", "2. Tests", "{AB790991-CEB2-44A5-9C0C-A2D26DB86D41}"
EndProject
Project("{9A19103F-16F7-4668-BE54-9A1E7A4F7556}") = "Lykke.Job.Pay.StatusBroadcast.Core", "src\Lykke.Job.Pay.StatusBroadcast.Core\Lykke.Job.Pay.StatusBroadcast.Core.csproj", "{A51391E0-9067-45E0-9F0A-EA99C85C29A4}"
EndProject
Project("{9A19103F-16F7-4668-BE54-9A1E7A4F7556}") = "Lykke.Job.Pay.StatusBroadcast.Services", "src\Lykke.Job.Pay.StatusBroadcast.Services\Lykke.Job.Pay.StatusBroadcast.Services.csproj", "{F1F4F307-7485-42E2-8785-C42DF6CB069A}"
EndProject
Project("{9A19103F-16F7-4668-BE54-9A1E7A4F7556}") = "Lykke.Job.Pay.StatusBroadcast.Tests", "tests\Lykke.Job.Pay.StatusBroadcast.Tests\Lykke.Job.Pay.StatusBroadcast.Tests.csproj", "{90A48038-98F1-44A7-86A3-AEF4AA8551D4}"
EndProject
Project("{9A19103F-16F7-4668-BE54-9A1E7A4F7556}") = "Lykke.Job.Pay.StatusBroadcast", "src\Lykke.Job.Pay.StatusBroadcast\Lykke.Job.Pay.StatusBroadcast.csproj", "{6C3558DB-3282-48E6-A1F6-86EE3B54F456}"
EndProject
Global
	GlobalSection(SolutionConfigurationPlatforms) = preSolution
		Debug|Any CPU = Debug|Any CPU
		Release|Any CPU = Release|Any CPU
	EndGlobalSection
	GlobalSection(ProjectConfigurationPlatforms) = postSolution
		{A51391E0-9067-45E0-9F0A-EA99C85C29A4}.Debug|Any CPU.ActiveCfg = Debug|Any CPU
		{A51391E0-9067-45E0-9F0A-EA99C85C29A4}.Debug|Any CPU.Build.0 = Debug|Any CPU
		{A51391E0-9067-45E0-9F0A-EA99C85C29A4}.Release|Any CPU.ActiveCfg = Release|Any CPU
		{A51391E0-9067-45E0-9F0A-EA99C85C29A4}.Release|Any CPU.Build.0 = Release|Any CPU
		{F1F4F307-7485-42E2-8785-C42DF6CB069A}.Debug|Any CPU.ActiveCfg = Debug|Any CPU
		{F1F4F307-7485-42E2-8785-C42DF6CB069A}.Debug|Any CPU.Build.0 = Debug|Any CPU
		{F1F4F307-7485-42E2-8785-C42DF6CB069A}.Release|Any CPU.ActiveCfg = Release|Any CPU
		{F1F4F307-7485-42E2-8785-C42DF6CB069A}.Release|Any CPU.Build.0 = Release|Any CPU
		{90A48038-98F1-44A7-86A3-AEF4AA8551D4}.Debug|Any CPU.ActiveCfg = Debug|Any CPU
		{90A48038-98F1-44A7-86A3-AEF4AA8551D4}.Debug|Any CPU.Build.0 = Debug|Any CPU
		{90A48038-98F1-44A7-86A3-AEF4AA8551D4}.Release|Any CPU.ActiveCfg = Release|Any CPU
		{90A48038-98F1-44A7-86A3-AEF4AA8551D4}.Release|Any CPU.Build.0 = Release|Any CPU
		{6C3558DB-3282-48E6-A1F6-86EE3B54F456}.Debug|Any CPU.ActiveCfg = Debug|Any CPU
		{6C3558DB-3282-48E6-A1F6-86EE3B54F456}.Debug|Any CPU.Build.0 = Debug|Any CPU
		{6C3558DB-3282-48E6-A1F6-86EE3B54F456}.Release|Any CPU.ActiveCfg = Release|Any CPU
		{6C3558DB-3282-48E6-A1F6-86EE3B54F456}.Release|Any CPU.Build.0 = Release|Any CPU
	EndGlobalSection
	GlobalSection(SolutionProperties) = preSolution
		HideSolutionNode = FALSE
	EndGlobalSection
	GlobalSection(NestedProjects) = preSolution
		{A51391E0-9067-45E0-9F0A-EA99C85C29A4} = {68994F01-8220-4B7C-9AB8-14E137C44AE5}
		{F1F4F307-7485-42E2-8785-C42DF6CB069A} = {68994F01-8220-4B7C-9AB8-14E137C44AE5}
		{90A48038-98F1-44A7-86A3-AEF4AA8551D4} = {AB790991-CEB2-44A5-9C0C-A2D26DB86D41}
	EndGlobalSection
EndGlobal
